
Microsoft Visual Studio Solution File, Format Version 12.00
# Visual Studio Version 16
VisualStudioVersion = 16.0.33927.289
MinimumVisualStudioVersion = 10.0.40219.1
Project("{FAE04EC0-301F-11D3-BF4B-00C04F79EFBC}") = "ModelCalc.App", "ModelCalc.App\ModelCalc.App.csproj", "{3B751D19-FAEC-428F-A582-2EB618304A9F}"
EndProject
Project("{FAE04EC0-301F-11D3-BF4B-00C04F79EFBC}") = "ModelCalc.Model", "ModelCalc.Model\ModelCalc.Model.csproj", "{588551EB-8C14-46C9-83B2-655EACEB88C2}"
EndProject
Project("{FAE04EC0-301F-11D3-BF4B-00C04F79EFBC}") = "ModelCalc.DataAccess", "ModelCalc.DataAccess\ModelCalc.DataAccess.csproj", "{AA3052A0-1FBA-44A7-9146-031AC14479E2}"
EndProject
Global
	GlobalSection(SolutionConfigurationPlatforms) = preSolution
		Debug|Any CPU = Debug|Any CPU
		Release|Any CPU = Release|Any CPU
	EndGlobalSection
	GlobalSection(ProjectConfigurationPlatforms) = postSolution
		{3B751D19-FAEC-428F-A582-2EB618304A9F}.Debug|Any CPU.ActiveCfg = Debug|Any CPU
		{3B751D19-FAEC-428F-A582-2EB618304A9F}.Debug|Any CPU.Build.0 = Debug|Any CPU
		{3B751D19-FAEC-428F-A582-2EB618304A9F}.Release|Any CPU.ActiveCfg = Release|Any CPU
		{3B751D19-FAEC-428F-A582-2EB618304A9F}.Release|Any CPU.Build.0 = Release|Any CPU
		{588551EB-8C14-46C9-83B2-655EACEB88C2}.Debug|Any CPU.ActiveCfg = Debug|Any CPU
		{588551EB-8C14-46C9-83B2-655EACEB88C2}.Debug|Any CPU.Build.0 = Debug|Any CPU
		{588551EB-8C14-46C9-83B2-655EACEB88C2}.Release|Any CPU.ActiveCfg = Release|Any CPU
		{588551EB-8C14-46C9-83B2-655EACEB88C2}.Release|Any CPU.Build.0 = Release|Any CPU
		{AA3052A0-1FBA-44A7-9146-031AC14479E2}.Debug|Any CPU.ActiveCfg = Debug|Any CPU
		{AA3052A0-1FBA-44A7-9146-031AC14479E2}.Debug|Any CPU.Build.0 = Debug|Any CPU
		{AA3052A0-1FBA-44A7-9146-031AC14479E2}.Release|Any CPU.ActiveCfg = Release|Any CPU
		{AA3052A0-1FBA-44A7-9146-031AC14479E2}.Release|Any CPU.Build.0 = Release|Any CPU
	EndGlobalSection
	GlobalSection(SolutionProperties) = preSolution
		HideSolutionNode = FALSE
	EndGlobalSection
	GlobalSection(ExtensibilityGlobals) = postSolution
		SolutionGuid = {AB580E11-941B-414C-BEDA-18A5866F8498}
	EndGlobalSection
EndGlobal
